
Microsoft Visual Studio Solution File, Format Version 12.00
# Visual Studio Version 17
VisualStudioVersion = 17.0.32126.317
MinimumVisualStudioVersion = 10.0.40219.1
Project("{FAE04EC0-301F-11D3-BF4B-00C04F79EFBC}") = "HK.NET", "HK.NET\HK.NET.csproj", "{90D1CE8C-EE1D-453A-9D9F-D042ED2B0CA3}"
EndProject
Project("{FAE04EC0-301F-11D3-BF4B-00C04F79EFBC}") = "HKTest", "HKTest\HKTest.csproj", "{18F73672-DC21-4F18-9DD7-992D2B859380}"
EndProject
Global
	GlobalSection(SolutionConfigurationPlatforms) = preSolution
		Debug|Any CPU = Debug|Any CPU
		Release|Any CPU = Release|Any CPU
	EndGlobalSection
	GlobalSection(ProjectConfigurationPlatforms) = postSolution
		{90D1CE8C-EE1D-453A-9D9F-D042ED2B0CA3}.Debug|Any CPU.ActiveCfg = Debug|Any CPU
		{90D1CE8C-EE1D-453A-9D9F-D042ED2B0CA3}.Debug|Any CPU.Build.0 = Debug|Any CPU
		{90D1CE8C-EE1D-453A-9D9F-D042ED2B0CA3}.Release|Any CPU.ActiveCfg = Release|Any CPU
		{90D1CE8C-EE1D-453A-9D9F-D042ED2B0CA3}.Release|Any CPU.Build.0 = Release|Any CPU
		{18F73672-DC21-4F18-9DD7-992D2B859380}.Debug|Any CPU.ActiveCfg = Debug|Any CPU
		{18F73672-DC21-4F18-9DD7-992D2B859380}.Debug|Any CPU.Build.0 = Debug|Any CPU
		{18F73672-DC21-4F18-9DD7-992D2B859380}.Release|Any CPU.ActiveCfg = Release|Any CPU
		{18F73672-DC21-4F18-9DD7-992D2B859380}.Release|Any CPU.Build.0 = Release|Any CPU
	EndGlobalSection
	GlobalSection(SolutionProperties) = preSolution
		HideSolutionNode = FALSE
	EndGlobalSection
	GlobalSection(ExtensibilityGlobals) = postSolution
		SolutionGuid = {54A67D54-4E73-407B-AB4D-4EA920D833C3}
	EndGlobalSection
EndGlobal
